// !$*UTF8*$!
{
	archiveVersion = 1;
	classes = {
	};
	objectVersion = 46;
	objects = {

/* Begin PBXBuildFile section */
		6B66CFDD1F0D29310017B9B9 /* AppDelegate.m in Sources */ = {isa = PBXBuildFile; fileRef = 6B66CFDC1F0D29310017B9B9 /* AppDelegate.m */; };
		6B66CFE01F0D29310017B9B9 /* main.m in Sources */ = {isa = PBXBuildFile; fileRef = 6B66CFDF1F0D29310017B9B9 /* main.m */; };
		6B66CFE31F0D29310017B9B9 /* ViewController.m in Sources */ = {isa = PBXBuildFile; fileRef = 6B66CFE21F0D29310017B9B9 /* ViewController.m */; };
		6B66CFE51F0D29310017B9B9 /* Assets.xcassets in Resources */ = {isa = PBXBuildFile; fileRef = 6B66CFE41F0D29310017B9B9 /* Assets.xcassets */; };
		6B66CFE81F0D29310017B9B9 /* Main.storyboard in Resources */ = {isa = PBXBuildFile; fileRef = 6B66CFE61F0D29310017B9B9 /* Main.storyboard */; };
		6B66CFF31F0D29310017B9B9 /* EcoplanningTests.m in Sources */ = {isa = PBXBuildFile; fileRef = 6B66CFF21F0D29310017B9B9 /* EcoplanningTests.m */; };
		6B66CFFE1F0D29310017B9B9 /* EcoplanningUITests.m in Sources */ = {isa = PBXBuildFile; fileRef = 6B66CFFD1F0D29310017B9B9 /* EcoplanningUITests.m */; };
		6B81890D1F1F8DE20000423F /* NouveauProjet.m in Sources */ = {isa = PBXBuildFile; fileRef = 6B81890C1F1F8DE20000423F /* NouveauProjet.m */; };
		6B8189111F1F8E900000423F /* Liens.m in Sources */ = {isa = PBXBuildFile; fileRef = 6B81890F1F1F8E900000423F /* Liens.m */; };
		6B8798A21F1D1B4B0017E327 /* Lien.xib in Resources */ = {isa = PBXBuildFile; fileRef = 6B8798A11F1D1B4B0017E327 /* Lien.xib */; };
		6B8798E41F1D520B0017E327 /* NouveauProjet.xib in Resources */ = {isa = PBXBuildFile; fileRef = 6B8798E31F1D520B0017E327 /* NouveauProjet.xib */; };
		6BA0773F1F2AD22F0040063F /* Predecesseur.m in Sources */ = {isa = PBXBuildFile; fileRef = 6BA0773E1F2AD22F0040063F /* Predecesseur.m */; };
		6BA077421F2AD73A0040063F /* Successeur.m in Sources */ = {isa = PBXBuildFile; fileRef = 6BA077411F2AD73A0040063F /* Successeur.m */; };
		6BBD4B161F28982600B606C1 /* SeulementEntier.m in Sources */ = {isa = PBXBuildFile; fileRef = 6BBD4B151F28982600B606C1 /* SeulementEntier.m */; };
		6BBD4B191F28AE1C00B606C1 /* Dates.cpp in Sources */ = {isa = PBXBuildFile; fileRef = 6BBD4B171F28AE1C00B606C1 /* Dates.cpp */; };
		6BBD4B1C1F28B59700B606C1 /* GestionDates.mm in Sources */ = {isa = PBXBuildFile; fileRef = 6BBD4B1B1F28B59700B606C1 /* GestionDates.mm */; };
		6BEE20121F0F98E100A8E87E /* Globals.m in Sources */ = {isa = PBXBuildFile; fileRef = 6BEE20111F0F98E100A8E87E /* Globals.m */; };
/* End PBXBuildFile section */

/* Begin PBXContainerItemProxy section */
		6B66CFEF1F0D29310017B9B9 /* PBXContainerItemProxy */ = {
			isa = PBXContainerItemProxy;
			containerPortal = 6B66CFD01F0D29310017B9B9 /* Project object */;
			proxyType = 1;
			remoteGlobalIDString = 6B66CFD71F0D29310017B9B9;
			remoteInfo = Ecoplanning;
		};
		6B66CFFA1F0D29310017B9B9 /* PBXContainerItemProxy */ = {
			isa = PBXContainerItemProxy;
			containerPortal = 6B66CFD01F0D29310017B9B9 /* Project object */;
			proxyType = 1;
			remoteGlobalIDString = 6B66CFD71F0D29310017B9B9;
			remoteInfo = Ecoplanning;
		};
/* End PBXContainerItemProxy section */

/* Begin PBXFileReference section */
		6B66CFD81F0D29310017B9B9 /* Ecoplanning.app */ = {isa = PBXFileReference; explicitFileType = wrapper.application; includeInIndex = 0; path = Ecoplanning.app; sourceTree = BUILT_PRODUCTS_DIR; };
		6B66CFDB1F0D29310017B9B9 /* AppDelegate.h */ = {isa = PBXFileReference; lastKnownFileType = sourcecode.c.h; path = AppDelegate.h; sourceTree = "<group>"; };
		6B66CFDC1F0D29310017B9B9 /* AppDelegate.m */ = {isa = PBXFileReference; lastKnownFileType = sourcecode.c.objc; path = AppDelegate.m; sourceTree = "<group>"; };
		6B66CFDF1F0D29310017B9B9 /* main.m */ = {isa = PBXFileReference; lastKnownFileType = sourcecode.c.objc; path = main.m; sourceTree = "<group>"; };
		6B66CFE11F0D29310017B9B9 /* ViewController.h */ = {isa = PBXFileReference; lastKnownFileType = sourcecode.c.h; path = ViewController.h; sourceTree = "<group>"; };
		6B66CFE21F0D29310017B9B9 /* ViewController.m */ = {isa = PBXFileReference; lastKnownFileType = sourcecode.c.objc; path = ViewController.m; sourceTree = "<group>"; };
		6B66CFE41F0D29310017B9B9 /* Assets.xcassets */ = {isa = PBXFileReference; lastKnownFileType = folder.assetcatalog; path = Assets.xcassets; sourceTree = "<group>"; };
		6B66CFE71F0D29310017B9B9 /* Base */ = {isa = PBXFileReference; lastKnownFileType = file.storyboard; name = Base; path = Base.lproj/Main.storyboard; sourceTree = "<group>"; };
		6B66CFE91F0D29310017B9B9 /* Info.plist */ = {isa = PBXFileReference; lastKnownFileType = text.plist.xml; path = Info.plist; sourceTree = "<group>"; };
		6B66CFEE1F0D29310017B9B9 /* EcoplanningTests.xctest */ = {isa = PBXFileReference; explicitFileType = wrapper.cfbundle; includeInIndex = 0; path = EcoplanningTests.xctest; sourceTree = BUILT_PRODUCTS_DIR; };
		6B66CFF21F0D29310017B9B9 /* EcoplanningTests.m */ = {isa = PBXFileReference; lastKnownFileType = sourcecode.c.objc; path = EcoplanningTests.m; sourceTree = "<group>"; };
		6B66CFF41F0D29310017B9B9 /* Info.plist */ = {isa = PBXFileReference; lastKnownFileType = text.plist.xml; path = Info.plist; sourceTree = "<group>"; };
		6B66CFF91F0D29310017B9B9 /* EcoplanningUITests.xctest */ = {isa = PBXFileReference; explicitFileType = wrapper.cfbundle; includeInIndex = 0; path = EcoplanningUITests.xctest; sourceTree = BUILT_PRODUCTS_DIR; };
		6B66CFFD1F0D29310017B9B9 /* EcoplanningUITests.m */ = {isa = PBXFileReference; lastKnownFileType = sourcecode.c.objc; path = EcoplanningUITests.m; sourceTree = "<group>"; };
		6B66CFFF1F0D29310017B9B9 /* Info.plist */ = {isa = PBXFileReference; lastKnownFileType = text.plist.xml; path = Info.plist; sourceTree = "<group>"; };
		6B81890B1F1F8DE20000423F /* NouveauProjet.h */ = {isa = PBXFileReference; fileEncoding = 4; lastKnownFileType = sourcecode.c.h; name = NouveauProjet.h; path = ../NouveauProjet.h; sourceTree = "<group>"; };
		6B81890C1F1F8DE20000423F /* NouveauProjet.m */ = {isa = PBXFileReference; fileEncoding = 4; lastKnownFileType = sourcecode.c.objc; name = NouveauProjet.m; path = ../NouveauProjet.m; sourceTree = "<group>"; };
		6B81890E1F1F8E900000423F /* Liens.h */ = {isa = PBXFileReference; fileEncoding = 4; lastKnownFileType = sourcecode.c.h; path = Liens.h; sourceTree = "<group>"; };
		6B81890F1F1F8E900000423F /* Liens.m */ = {isa = PBXFileReference; fileEncoding = 4; lastKnownFileType = sourcecode.c.objc; path = Liens.m; sourceTree = "<group>"; };
		6B8798A11F1D1B4B0017E327 /* Lien.xib */ = {isa = PBXFileReference; fileEncoding = 4; lastKnownFileType = file.xib; path = Lien.xib; sourceTree = "<group>"; };
		6B8798E31F1D520B0017E327 /* NouveauProjet.xib */ = {isa = PBXFileReference; fileEncoding = 4; lastKnownFileType = file.xib; path = NouveauProjet.xib; sourceTree = "<group>"; };
		6BA0773D1F2AD22F0040063F /* Predecesseur.h */ = {isa = PBXFileReference; fileEncoding = 4; lastKnownFileType = sourcecode.c.h; path = Predecesseur.h; sourceTree = "<group>"; };
		6BA0773E1F2AD22F0040063F /* Predecesseur.m */ = {isa = PBXFileReference; fileEncoding = 4; lastKnownFileType = sourcecode.c.objc; path = Predecesseur.m; sourceTree = "<group>"; };
		6BA077401F2AD73A0040063F /* Successeur.h */ = {isa = PBXFileReference; fileEncoding = 4; lastKnownFileType = sourcecode.c.h; path = Successeur.h; sourceTree = "<group>"; };
		6BA077411F2AD73A0040063F /* Successeur.m */ = {isa = PBXFileReference; fileEncoding = 4; lastKnownFileType = sourcecode.c.objc; path = Successeur.m; sourceTree = "<group>"; };
		6BBD4B141F28982600B606C1 /* SeulementEntier.h */ = {isa = PBXFileReference; fileEncoding = 4; lastKnownFileType = sourcecode.c.h; path = SeulementEntier.h; sourceTree = "<group>"; };
		6BBD4B151F28982600B606C1 /* SeulementEntier.m */ = {isa = PBXFileReference; fileEncoding = 4; lastKnownFileType = sourcecode.c.objc; path = SeulementEntier.m; sourceTree = "<group>"; };
		6BBD4B171F28AE1C00B606C1 /* Dates.cpp */ = {isa = PBXFileReference; fileEncoding = 4; lastKnownFileType = sourcecode.cpp.cpp; path = Dates.cpp; sourceTree = "<group>"; };
		6BBD4B181F28AE1C00B606C1 /* Dates.hpp */ = {isa = PBXFileReference; fileEncoding = 4; lastKnownFileType = sourcecode.cpp.h; path = Dates.hpp; sourceTree = "<group>"; };
		6BBD4B1A1F28B59700B606C1 /* GestionDates.h */ = {isa = PBXFileReference; fileEncoding = 4; lastKnownFileType = sourcecode.c.h; name = GestionDates.h; path = ../GestionDates.h; sourceTree = "<group>"; };
		6BBD4B1B1F28B59700B606C1 /* GestionDates.mm */ = {isa = PBXFileReference; fileEncoding = 4; lastKnownFileType = sourcecode.cpp.objcpp; name = GestionDates.mm; path = ../GestionDates.mm; sourceTree = "<group>"; };
		6BEE20101F0F98E100A8E87E /* Globals.h */ = {isa = PBXFileReference; fileEncoding = 4; lastKnownFileType = sourcecode.c.h; path = Globals.h; sourceTree = "<group>"; };
		6BEE20111F0F98E100A8E87E /* Globals.m */ = {isa = PBXFileReference; fileEncoding = 4; lastKnownFileType = sourcecode.c.objc; path = Globals.m; sourceTree = "<group>"; };
/* End PBXFileReference section */

/* Begin PBXFrameworksBuildPhase section */
		6B66CFD51F0D29310017B9B9 /* Frameworks */ = {
			isa = PBXFrameworksBuildPhase;
			buildActionMask = 2147483647;
			files = (
			);
			runOnlyForDeploymentPostprocessing = 0;
		};
		6B66CFEB1F0D29310017B9B9 /* Frameworks */ = {
			isa = PBXFrameworksBuildPhase;
			buildActionMask = 2147483647;
			files = (
			);
			runOnlyForDeploymentPostprocessing = 0;
		};
		6B66CFF61F0D29310017B9B9 /* Frameworks */ = {
			isa = PBXFrameworksBuildPhase;
			buildActionMask = 2147483647;
			files = (
			);
			runOnlyForDeploymentPostprocessing = 0;
		};
/* End PBXFrameworksBuildPhase section */

/* Begin PBXGroup section */
		6B66CFCF1F0D29310017B9B9 = {
			isa = PBXGroup;
			children = (
				6B66CFDA1F0D29310017B9B9 /* Ecoplanning */,
				6B66CFF11F0D29310017B9B9 /* EcoplanningTests */,
				6B66CFFC1F0D29310017B9B9 /* EcoplanningUITests */,
				6B66CFD91F0D29310017B9B9 /* Products */,
			);
			sourceTree = "<group>";
		};
		6B66CFD91F0D29310017B9B9 /* Products */ = {
			isa = PBXGroup;
			children = (
				6B66CFD81F0D29310017B9B9 /* Ecoplanning.app */,
				6B66CFEE1F0D29310017B9B9 /* EcoplanningTests.xctest */,
				6B66CFF91F0D29310017B9B9 /* EcoplanningUITests.xctest */,
			);
			name = Products;
			sourceTree = "<group>";
		};
		6B66CFDA1F0D29310017B9B9 /* Ecoplanning */ = {
			isa = PBXGroup;
			children = (
				6BBD4B1A1F28B59700B606C1 /* GestionDates.h */,
				6BBD4B1B1F28B59700B606C1 /* GestionDates.mm */,
				6B66CFDB1F0D29310017B9B9 /* AppDelegate.h */,
				6B66CFDC1F0D29310017B9B9 /* AppDelegate.m */,
				6B66CFE11F0D29310017B9B9 /* ViewController.h */,
				6B66CFE21F0D29310017B9B9 /* ViewController.m */,
				6BA0773D1F2AD22F0040063F /* Predecesseur.h */,
				6BA0773E1F2AD22F0040063F /* Predecesseur.m */,
				6BA077401F2AD73A0040063F /* Successeur.h */,
				6BA077411F2AD73A0040063F /* Successeur.m */,
				6BBD4B171F28AE1C00B606C1 /* Dates.cpp */,
				6BBD4B181F28AE1C00B606C1 /* Dates.hpp */,
				6B66CFE41F0D29310017B9B9 /* Assets.xcassets */,
				6B8798E31F1D520B0017E327 /* NouveauProjet.xib */,
				6B81890E1F1F8E900000423F /* Liens.h */,
				6B81890F1F1F8E900000423F /* Liens.m */,
				6B81890B1F1F8DE20000423F /* NouveauProjet.h */,
				6B81890C1F1F8DE20000423F /* NouveauProjet.m */,
				6B8798A11F1D1B4B0017E327 /* Lien.xib */,
				6B66CFE61F0D29310017B9B9 /* Main.storyboard */,
				6BBD4B141F28982600B606C1 /* SeulementEntier.h */,
				6BBD4B151F28982600B606C1 /* SeulementEntier.m */,
				6BEE20101F0F98E100A8E87E /* Globals.h */,
				6B66CFE91F0D29310017B9B9 /* Info.plist */,
				6BEE20111F0F98E100A8E87E /* Globals.m */,
				6B66CFDE1F0D29310017B9B9 /* Supporting Files */,
			);
			path = Ecoplanning;
			sourceTree = "<group>";
		};
		6B66CFDE1F0D29310017B9B9 /* Supporting Files */ = {
			isa = PBXGroup;
			children = (
				6B66CFDF1F0D29310017B9B9 /* main.m */,
			);
			name = "Supporting Files";
			sourceTree = "<group>";
		};
		6B66CFF11F0D29310017B9B9 /* EcoplanningTests */ = {
			isa = PBXGroup;
			children = (
				6B66CFF21F0D29310017B9B9 /* EcoplanningTests.m */,
				6B66CFF41F0D29310017B9B9 /* Info.plist */,
			);
			path = EcoplanningTests;
			sourceTree = "<group>";
		};
		6B66CFFC1F0D29310017B9B9 /* EcoplanningUITests */ = {
			isa = PBXGroup;
			children = (
				6B66CFFD1F0D29310017B9B9 /* EcoplanningUITests.m */,
				6B66CFFF1F0D29310017B9B9 /* Info.plist */,
			);
			path = EcoplanningUITests;
			sourceTree = "<group>";
		};
/* End PBXGroup section */

/* Begin PBXNativeTarget section */
		6B66CFD71F0D29310017B9B9 /* Ecoplanning */ = {
			isa = PBXNativeTarget;
			buildConfigurationList = 6B66D0021F0D29310017B9B9 /* Build configuration list for PBXNativeTarget "Ecoplanning" */;
			buildPhases = (
				6B66CFD41F0D29310017B9B9 /* Sources */,
				6B66CFD51F0D29310017B9B9 /* Frameworks */,
				6B66CFD61F0D29310017B9B9 /* Resources */,
			);
			buildRules = (
			);
			dependencies = (
			);
			name = Ecoplanning;
			productName = Ecoplanning;
			productReference = 6B66CFD81F0D29310017B9B9 /* Ecoplanning.app */;
			productType = "com.apple.product-type.application";
		};
		6B66CFED1F0D29310017B9B9 /* EcoplanningTests */ = {
			isa = PBXNativeTarget;
			buildConfigurationList = 6B66D0051F0D29310017B9B9 /* Build configuration list for PBXNativeTarget "EcoplanningTests" */;
			buildPhases = (
				6B66CFEA1F0D29310017B9B9 /* Sources */,
				6B66CFEB1F0D29310017B9B9 /* Frameworks */,
				6B66CFEC1F0D29310017B9B9 /* Resources */,
			);
			buildRules = (
			);
			dependencies = (
				6B66CFF01F0D29310017B9B9 /* PBXTargetDependency */,
			);
			name = EcoplanningTests;
			productName = EcoplanningTests;
			productReference = 6B66CFEE1F0D29310017B9B9 /* EcoplanningTests.xctest */;
			productType = "com.apple.product-type.bundle.unit-test";
		};
		6B66CFF81F0D29310017B9B9 /* EcoplanningUITests */ = {
			isa = PBXNativeTarget;
			buildConfigurationList = 6B66D0081F0D29310017B9B9 /* Build configuration list for PBXNativeTarget "EcoplanningUITests" */;
			buildPhases = (
				6B66CFF51F0D29310017B9B9 /* Sources */,
				6B66CFF61F0D29310017B9B9 /* Frameworks */,
				6B66CFF71F0D29310017B9B9 /* Resources */,
			);
			buildRules = (
			);
			dependencies = (
				6B66CFFB1F0D29310017B9B9 /* PBXTargetDependency */,
			);
			name = EcoplanningUITests;
			productName = EcoplanningUITests;
			productReference = 6B66CFF91F0D29310017B9B9 /* EcoplanningUITests.xctest */;
			productType = "com.apple.product-type.bundle.ui-testing";
		};
/* End PBXNativeTarget section */

/* Begin PBXProject section */
		6B66CFD01F0D29310017B9B9 /* Project object */ = {
			isa = PBXProject;
			attributes = {
				LastUpgradeCheck = 0830;
				ORGANIZATIONNAME = "Henry NZINGA";
				TargetAttributes = {
					6B66CFD71F0D29310017B9B9 = {
						CreatedOnToolsVersion = 8.3.3;
						ProvisioningStyle = Automatic;
					};
					6B66CFED1F0D29310017B9B9 = {
						CreatedOnToolsVersion = 8.3.3;
						ProvisioningStyle = Automatic;
						TestTargetID = 6B66CFD71F0D29310017B9B9;
					};
					6B66CFF81F0D29310017B9B9 = {
						CreatedOnToolsVersion = 8.3.3;
						ProvisioningStyle = Automatic;
						TestTargetID = 6B66CFD71F0D29310017B9B9;
					};
				};
			};
			buildConfigurationList = 6B66CFD31F0D29310017B9B9 /* Build configuration list for PBXProject "Ecoplanning" */;
			compatibilityVersion = "Xcode 3.2";
			developmentRegion = English;
			hasScannedForEncodings = 0;
			knownRegions = (
				en,
				Base,
			);
			mainGroup = 6B66CFCF1F0D29310017B9B9;
			productRefGroup = 6B66CFD91F0D29310017B9B9 /* Products */;
			projectDirPath = "";
			projectRoot = "";
			targets = (
				6B66CFD71F0D29310017B9B9 /* Ecoplanning */,
				6B66CFED1F0D29310017B9B9 /* EcoplanningTests */,
				6B66CFF81F0D29310017B9B9 /* EcoplanningUITests */,
			);
		};
/* End PBXProject section */

/* Begin PBXResourcesBuildPhase section */
		6B66CFD61F0D29310017B9B9 /* Resources */ = {
			isa = PBXResourcesBuildPhase;
			buildActionMask = 2147483647;
			files = (
				6B66CFE51F0D29310017B9B9 /* Assets.xcassets in Resources */,
				6B8798E41F1D520B0017E327 /* NouveauProjet.xib in Resources */,
				6B8798A21F1D1B4B0017E327 /* Lien.xib in Resources */,
				6B66CFE81F0D29310017B9B9 /* Main.storyboard in Resources */,
			);
			runOnlyForDeploymentPostprocessing = 0;
		};
		6B66CFEC1F0D29310017B9B9 /* Resources */ = {
			isa = PBXResourcesBuildPhase;
			buildActionMask = 2147483647;
			files = (
			);
			runOnlyForDeploymentPostprocessing = 0;
		};
		6B66CFF71F0D29310017B9B9 /* Resources */ = {
			isa = PBXResourcesBuildPhase;
			buildActionMask = 2147483647;
			files = (
			);
			runOnlyForDeploymentPostprocessing = 0;
		};
/* End PBXResourcesBuildPhase section */

/* Begin PBXSourcesBuildPhase section */
		6B66CFD41F0D29310017B9B9 /* Sources */ = {
			isa = PBXSourcesBuildPhase;
			buildActionMask = 2147483647;
			files = (
				6BEE20121F0F98E100A8E87E /* Globals.m in Sources */,
				6BBD4B161F28982600B606C1 /* SeulementEntier.m in Sources */,
				6B66CFE31F0D29310017B9B9 /* ViewController.m in Sources */,
				6BBD4B191F28AE1C00B606C1 /* Dates.cpp in Sources */,
				6B8189111F1F8E900000423F /* Liens.m in Sources */,
				6BA0773F1F2AD22F0040063F /* Predecesseur.m in Sources */,
				6B81890D1F1F8DE20000423F /* NouveauProjet.m in Sources */,
				6B66CFE01F0D29310017B9B9 /* main.m in Sources */,
				6BA077421F2AD73A0040063F /* Successeur.m in Sources */,
				6BBD4B1C1F28B59700B606C1 /* GestionDates.mm in Sources */,
				6B66CFDD1F0D29310017B9B9 /* AppDelegate.m in Sources */,
			);
			runOnlyForDeploymentPostprocessing = 0;
		};
		6B66CFEA1F0D29310017B9B9 /* Sources */ = {
			isa = PBXSourcesBuildPhase;
			buildActionMask = 2147483647;
			files = (
				6B66CFF31F0D29310017B9B9 /* EcoplanningTests.m in Sources */,
			);
			runOnlyForDeploymentPostprocessing = 0;
		};
		6B66CFF51F0D29310017B9B9 /* Sources */ = {
			isa = PBXSourcesBuildPhase;
			buildActionMask = 2147483647;
			files = (
				6B66CFFE1F0D29310017B9B9 /* EcoplanningUITests.m in Sources */,
			);
			runOnlyForDeploymentPostprocessing = 0;
		};
/* End PBXSourcesBuildPhase section */

/* Begin PBXTargetDependency section */
		6B66CFF01F0D29310017B9B9 /* PBXTargetDependency */ = {
			isa = PBXTargetDependency;
			target = 6B66CFD71F0D29310017B9B9 /* Ecoplanning */;
			targetProxy = 6B66CFEF1F0D29310017B9B9 /* PBXContainerItemProxy */;
		};
		6B66CFFB1F0D29310017B9B9 /* PBXTargetDependency */ = {
			isa = PBXTargetDependency;
			target = 6B66CFD71F0D29310017B9B9 /* Ecoplanning */;
			targetProxy = 6B66CFFA1F0D29310017B9B9 /* PBXContainerItemProxy */;
		};
/* End PBXTargetDependency section */

/* Begin PBXVariantGroup section */
		6B66CFE61F0D29310017B9B9 /* Main.storyboard */ = {
			isa = PBXVariantGroup;
			children = (
				6B66CFE71F0D29310017B9B9 /* Base */,
			);
			name = Main.storyboard;
			sourceTree = "<group>";
		};
/* End PBXVariantGroup section */

/* Begin XCBuildConfiguration section */
		6B66D0001F0D29310017B9B9 /* Debug */ = {
			isa = XCBuildConfiguration;
			buildSettings = {
				ALWAYS_SEARCH_USER_PATHS = NO;
				CLANG_ANALYZER_NONNULL = YES;
				CLANG_ANALYZER_NUMBER_OBJECT_CONVERSION = YES_AGGRESSIVE;
				CLANG_CXX_LANGUAGE_STANDARD = "gnu++0x";
				CLANG_CXX_LIBRARY = "libc++";
				CLANG_ENABLE_MODULES = YES;
				CLANG_ENABLE_OBJC_ARC = YES;
				CLANG_WARN_BOOL_CONVERSION = YES;
				CLANG_WARN_CONSTANT_CONVERSION = YES;
				CLANG_WARN_DIRECT_OBJC_ISA_USAGE = YES_ERROR;
				CLANG_WARN_DOCUMENTATION_COMMENTS = YES;
				CLANG_WARN_EMPTY_BODY = YES;
				CLANG_WARN_ENUM_CONVERSION = YES;
				CLANG_WARN_INFINITE_RECURSION = YES;
				CLANG_WARN_INT_CONVERSION = YES;
				CLANG_WARN_OBJC_ROOT_CLASS = YES_ERROR;
				CLANG_WARN_SUSPICIOUS_MOVE = YES;
				CLANG_WARN_UNREACHABLE_CODE = YES;
				CLANG_WARN__DUPLICATE_METHOD_MATCH = YES;
				CODE_SIGN_IDENTITY = "-";
				COPY_PHASE_STRIP = NO;
				DEBUG_INFORMATION_FORMAT = dwarf;
				ENABLE_STRICT_OBJC_MSGSEND = YES;
				ENABLE_TESTABILITY = YES;
				GCC_C_LANGUAGE_STANDARD = gnu99;
				GCC_DYNAMIC_NO_PIC = NO;
				GCC_NO_COMMON_BLOCKS = YES;
				GCC_OPTIMIZATION_LEVEL = 0;
				GCC_PREPROCESSOR_DEFINITIONS = (
					"DEBUG=1",
					"$(inherited)",
				);
				GCC_WARN_64_TO_32_BIT_CONVERSION = YES;
				GCC_WARN_ABOUT_RETURN_TYPE = YES_ERROR;
				GCC_WARN_UNDECLARED_SELECTOR = YES;
				GCC_WARN_UNINITIALIZED_AUTOS = YES_AGGRESSIVE;
				GCC_WARN_UNUSED_FUNCTION = YES;
				GCC_WARN_UNUSED_VARIABLE = YES;
				MACOSX_DEPLOYMENT_TARGET = 10.12;
				MTL_ENABLE_DEBUG_INFO = YES;
				ONLY_ACTIVE_ARCH = YES;
				SDKROOT = macosx;
			};
			name = Debug;
		};
		6B66D0011F0D29310017B9B9 /* Release */ = {
			isa = XCBuildConfiguration;
			buildSettings = {
				ALWAYS_SEARCH_USER_PATHS = NO;
				CLANG_ANALYZER_NONNULL = YES;
				CLANG_ANALYZER_NUMBER_OBJECT_CONVERSION = YES_AGGRESSIVE;
				CLANG_CXX_LANGUAGE_STANDARD = "gnu++0x";
				CLANG_CXX_LIBRARY = "libc++";
				CLANG_ENABLE_MODULES = YES;
				CLANG_ENABLE_OBJC_ARC = YES;
				CLANG_WARN_BOOL_CONVERSION = YES;
				CLANG_WARN_CONSTANT_CONVERSION = YES;
				CLANG_WARN_DIRECT_OBJC_ISA_USAGE = YES_ERROR;
				CLANG_WARN_DOCUMENTATION_COMMENTS = YES;
				CLANG_WARN_EMPTY_BODY = YES;
				CLANG_WARN_ENUM_CONVERSION = YES;
				CLANG_WARN_INFINITE_RECURSION = YES;
				CLANG_WARN_INT_CONVERSION = YES;
				CLANG_WARN_OBJC_ROOT_CLASS = YES_ERROR;
				CLANG_WARN_SUSPICIOUS_MOVE = YES;
				CLANG_WARN_UNREACHABLE_CODE = YES;
				CLANG_WARN__DUPLICATE_METHOD_MATCH = YES;
				CODE_SIGN_IDENTITY = "-";
				COPY_PHASE_STRIP = NO;
				DEBUG_INFORMATION_FORMAT = "dwarf-with-dsym";
				ENABLE_NS_ASSERTIONS = NO;
				ENABLE_STRICT_OBJC_MSGSEND = YES;
				GCC_C_LANGUAGE_STANDARD = gnu99;
				GCC_NO_COMMON_BLOCKS = YES;
				GCC_WARN_64_TO_32_BIT_CONVERSION = YES;
				GCC_WARN_ABOUT_RETURN_TYPE = YES_ERROR;
				GCC_WARN_UNDECLARED_SELECTOR = YES;
				GCC_WARN_UNINITIALIZED_AUTOS = YES_AGGRESSIVE;
				GCC_WARN_UNUSED_FUNCTION = YES;
				GCC_WARN_UNUSED_VARIABLE = YES;
				MACOSX_DEPLOYMENT_TARGET = 10.12;
				MTL_ENABLE_DEBUG_INFO = NO;
				SDKROOT = macosx;
			};
			name = Release;
		};
		6B66D0031F0D29310017B9B9 /* Debug */ = {
			isa = XCBuildConfiguration;
			buildSettings = {
				ASSETCATALOG_COMPILER_APPICON_NAME = AppIcon;
				COMBINE_HIDPI_IMAGES = YES;
				INFOPLIST_FILE = Ecoplanning/Info.plist;
				LD_RUNPATH_SEARCH_PATHS = "$(inherited) @executable_path/../Frameworks";
				PRODUCT_BUNDLE_IDENTIFIER = Ecoplan.Ecoplanning;
				PRODUCT_NAME = "$(TARGET_NAME)";
			};
			name = Debug;
		};
		6B66D0041F0D29310017B9B9 /* Release */ = {
			isa = XCBuildConfiguration;
			buildSettings = {
				ASSETCATALOG_COMPILER_APPICON_NAME = AppIcon;
				COMBINE_HIDPI_IMAGES = YES;
				INFOPLIST_FILE = Ecoplanning/Info.plist;
				LD_RUNPATH_SEARCH_PATHS = "$(inherited) @executable_path/../Frameworks";
				PRODUCT_BUNDLE_IDENTIFIER = Ecoplan.Ecoplanning;
				PRODUCT_NAME = "$(TARGET_NAME)";
			};
			name = Release;
		};
		6B66D0061F0D29310017B9B9 /* Debug */ = {
			isa = XCBuildConfiguration;
			buildSettings = {
				BUNDLE_LOADER = "$(TEST_HOST)";
				COMBINE_HIDPI_IMAGES = YES;
				INFOPLIST_FILE = EcoplanningTests/Info.plist;
				LD_RUNPATH_SEARCH_PATHS = "$(inherited) @executable_path/../Frameworks @loader_path/../Frameworks";
				PRODUCT_BUNDLE_IDENTIFIER = Ecoplan.EcoplanningTests;
				PRODUCT_NAME = "$(TARGET_NAME)";
				TEST_HOST = "$(BUILT_PRODUCTS_DIR)/Ecoplanning.app/Contents/MacOS/Ecoplanning";
			};
			name = Debug;
		};
		6B66D0071F0D29310017B9B9 /* Release */ = {
			isa = XCBuildConfiguration;
			buildSettings = {
				BUNDLE_LOADER = "$(TEST_HOST)";
				COMBINE_HIDPI_IMAGES = YES;
				INFOPLIST_FILE = EcoplanningTests/Info.plist;
				LD_RUNPATH_SEARCH_PATHS = "$(inherited) @executable_path/../Frameworks @loader_path/../Frameworks";
				PRODUCT_BUNDLE_IDENTIFIER = Ecoplan.EcoplanningTests;
				PRODUCT_NAME = "$(TARGET_NAME)";
				TEST_HOST = "$(BUILT_PRODUCTS_DIR)/Ecoplanning.app/Contents/MacOS/Ecoplanning";
			};
			name = Release;
		};
		6B66D0091F0D29310017B9B9 /* Debug */ = {
			isa = XCBuildConfiguration;
			buildSettings = {
				COMBINE_HIDPI_IMAGES = YES;
				INFOPLIST_FILE = EcoplanningUITests/Info.plist;
				LD_RUNPATH_SEARCH_PATHS = "$(inherited) @executable_path/../Frameworks @loader_path/../Frameworks";
				PRODUCT_BUNDLE_IDENTIFIER = Ecoplan.EcoplanningUITests;
				PRODUCT_NAME = "$(TARGET_NAME)";
				TEST_TARGET_NAME = Ecoplanning;
			};
			name = Debug;
		};
		6B66D00A1F0D29310017B9B9 /* Release */ = {
			isa = XCBuildConfiguration;
			buildSettings = {
				COMBINE_HIDPI_IMAGES = YES;
				INFOPLIST_FILE = EcoplanningUITests/Info.plist;
				LD_RUNPATH_SEARCH_PATHS = "$(inherited) @executable_path/../Frameworks @loader_path/../Frameworks";
				PRODUCT_BUNDLE_IDENTIFIER = Ecoplan.EcoplanningUITests;
				PRODUCT_NAME = "$(TARGET_NAME)";
				TEST_TARGET_NAME = Ecoplanning;
			};
			name = Release;
		};
/* End XCBuildConfiguration section */

/* Begin XCConfigurationList section */
		6B66CFD31F0D29310017B9B9 /* Build configuration list for PBXProject "Ecoplanning" */ = {
			isa = XCConfigurationList;
			buildConfigurations = (
				6B66D0001F0D29310017B9B9 /* Debug */,
				6B66D0011F0D29310017B9B9 /* Release */,
			);
			defaultConfigurationIsVisible = 0;
			defaultConfigurationName = Release;
		};
		6B66D0021F0D29310017B9B9 /* Build configuration list for PBXNativeTarget "Ecoplanning" */ = {
			isa = XCConfigurationList;
			buildConfigurations = (
				6B66D0031F0D29310017B9B9 /* Debug */,
				6B66D0041F0D29310017B9B9 /* Release */,
			);
			defaultConfigurationIsVisible = 0;
			defaultConfigurationName = Release;
		};
		6B66D0051F0D29310017B9B9 /* Build configuration list for PBXNativeTarget "EcoplanningTests" */ = {
			isa = XCConfigurationList;
			buildConfigurations = (
				6B66D0061F0D29310017B9B9 /* Debug */,
				6B66D0071F0D29310017B9B9 /* Release */,
			);
			defaultConfigurationIsVisible = 0;
			defaultConfigurationName = Release;
		};
		6B66D0081F0D29310017B9B9 /* Build configuration list for PBXNativeTarget "EcoplanningUITests" */ = {
			isa = XCConfigurationList;
			buildConfigurations = (
				6B66D0091F0D29310017B9B9 /* Debug */,
				6B66D00A1F0D29310017B9B9 /* Release */,
			);
			defaultConfigurationIsVisible = 0;
			defaultConfigurationName = Release;
		};
/* End XCConfigurationList section */
	};
	rootObject = 6B66CFD01F0D29310017B9B9 /* Project object */;
}
